github.com/google/uuid v1.3.1 h1:KjJaJ9iWZ3jOFZIf1Lqf4laDRCasjl0BCmnEGxkdLb4=
github.com/google/uuid v1.3.1/go.mod h1:TIyPZe4MgqvfeYDBFedMoGGpEw/LqOeaOT+nhxU+yHo=
github.com/gorilla/websocket v1.5.1 h1:EwEwgLxYficY9MsO++0ZFt/PPiRMDch4F02jJQLJ8xM=
github.com/gorilla/websocket v1.5.1/go.mod h1:WL9CXG9zXYEfIoatLyWb/T8OvGiLvVK2LmM63XHI0bk=
github.com/modelcontextprotocol/sdk/go v0.0.1 h1:5X9XsJCLDgSmQPj/Oa7t5fcwNZUb78YgzMg4IQpBaRU=
github.com/modelcontextprotocol/sdk/go v0.0.1/go.mod h1:4vQxZM8LJ+QyOWv0QWF6Q2YPsYsNt5FztQMNnWd6hHY=
github.com/smithery/sdk v0.0.1 h1:3BkR8l0F7KNm8nIDK/YCFajvLEYt68EYjdwQw2jGAOg=
github.com/smithery/sdk v0.0.1/go.mod h1:B0MdIplKXkjGn7mB8g1Nj+f/lJ6o5O6fKPghRnQrHMpw=
golang.org/x/net v0.17.0 h1:pVJqAhm4rYbRZkVXWyenEBqRXRW1Dqf9qJpXiJB8BL4=
golang.org/x/net v0.17.0/go.mod h1:NxSsAGuq816PNPmqtQdLE42eU2Fs7NoRIZrMJcDfqec=
